
Microsoft Visual Studio Solution File, Format Version 12.00
# Visual Studio 15
VisualStudioVersion = 15.0.28307.421
MinimumVisualStudioVersion = 10.0.40219.1
Project("{FAE04EC0-301F-11D3-BF4B-00C04F79EFBC}") = "Problems2", "Problems2\Problems2.csproj", "{10BE334D-8F45-4ECA-BE15-013170E957AD}"
EndProject
Global
	GlobalSection(SolutionConfigurationPlatforms) = preSolution
		Debug|Any CPU = Debug|Any CPU
		Release|Any CPU = Release|Any CPU
	EndGlobalSection
	GlobalSection(ProjectConfigurationPlatforms) = postSolution
		{10BE334D-8F45-4ECA-BE15-013170E957AD}.Debug|Any CPU.ActiveCfg = Debug|Any CPU
		{10BE334D-8F45-4ECA-BE15-013170E957AD}.Debug|Any CPU.Build.0 = Debug|Any CPU
		{10BE334D-8F45-4ECA-BE15-013170E957AD}.Release|Any CPU.ActiveCfg = Release|Any CPU
		{10BE334D-8F45-4ECA-BE15-013170E957AD}.Release|Any CPU.Build.0 = Release|Any CPU
	EndGlobalSection
	GlobalSection(SolutionProperties) = preSolution
		HideSolutionNode = FALSE
	EndGlobalSection
	GlobalSection(ExtensibilityGlobals) = postSolution
		SolutionGuid = {AFCF20F7-891D-4E1D-8731-A872D60ACB7B}
	EndGlobalSection
EndGlobal
